// !$*UTF8*$!
{
	archiveVersion = 1;
	classes = {
	};
	objectVersion = 51;
	objects = {

/* Begin PBXBuildFile section */
		0D07F2C7C7BCB09F2709D032 /* Pods_QA_QAUITests.framework in Frameworks */ = {isa = PBXBuildFile; fileRef = BDFE3FCDF802C555F92DA9E9 /* Pods_QA_QAUITests.framework */; };
		188914C029003E0200177E35 /* data.json in Resources */ = {isa = PBXBuildFile; fileRef = 188914BF29003E0200177E35 /* data.json */; };
		18CAFEE528DD7AE20088A040 /* AppDelegate.swift in Sources */ = {isa = PBXBuildFile; fileRef = 18CAFEE428DD7AE20088A040 /* AppDelegate.swift */; };
		18CAFEE728DD7AE20088A040 /* ViewController.swift in Sources */ = {isa = PBXBuildFile; fileRef = 18CAFEE628DD7AE20088A040 /* ViewController.swift */; };
		18CAFEEC28DD7AE40088A040 /* Assets.xcassets in Resources */ = {isa = PBXBuildFile; fileRef = 18CAFEEB28DD7AE40088A040 /* Assets.xcassets */; };
		18CAFEEF28DD7AE40088A040 /* LaunchScreen.storyboard in Resources */ = {isa = PBXBuildFile; fileRef = 18CAFEED28DD7AE40088A040 /* LaunchScreen.storyboard */; };
		18CAFEFA28DD7AE40088A040 /* QATests.swift in Sources */ = {isa = PBXBuildFile; fileRef = 18CAFEF928DD7AE40088A040 /* QATests.swift */; };
		18CAFF0528DD7AE40088A040 /* QAUITests.swift in Sources */ = {isa = PBXBuildFile; fileRef = 18CAFF0428DD7AE40088A040 /* QAUITests.swift */; };
		6DE8F53A0BD20D9694FEE6DE /* Pods_QA.framework in Frameworks */ = {isa = PBXBuildFile; fileRef = 7CCC572E8F7FE06F4F907947 /* Pods_QA.framework */; };
		74B82455D088F5DA8B47CBC0 /* Pods_QATests.framework in Frameworks */ = {isa = PBXBuildFile; fileRef = A4FDBE18AE9F625AF8A5B1AD /* Pods_QATests.framework */; };
		831D80A62903CD1E009D08C2 /* QuestionsResult.swift in Sources */ = {isa = PBXBuildFile; fileRef = 831D80A52903CD1E009D08C2 /* QuestionsResult.swift */; };
		831D80A82903CD62009D08C2 /* QuestionItem.swift in Sources */ = {isa = PBXBuildFile; fileRef = 831D80A72903CD62009D08C2 /* QuestionItem.swift */; };
		831D80AB2903DA10009D08C2 /* QABrain.swift in Sources */ = {isa = PBXBuildFile; fileRef = 831D80AA2903DA10009D08C2 /* QABrain.swift */; };
		834834AB29057BF700DFC264 /* Constants.swift in Sources */ = {isa = PBXBuildFile; fileRef = 834834AA29057BF700DFC264 /* Constants.swift */; };
		836EB5512905560E004DCAD7 /* Color+Extension.swift in Sources */ = {isa = PBXBuildFile; fileRef = 836EB5502905560E004DCAD7 /* Color+Extension.swift */; };
		83BD7CE3290598480079F96C /* Main.storyboard in Resources */ = {isa = PBXBuildFile; fileRef = 83BD7CDF290598480079F96C /* Main.storyboard */; };
		83BD7CE4290598480079F96C /* LinkTableViewCell.swift in Sources */ = {isa = PBXBuildFile; fileRef = 83BD7CE1290598480079F96C /* LinkTableViewCell.swift */; };
		83BD7CE5290598480079F96C /* LinkTableViewCell.xib in Resources */ = {isa = PBXBuildFile; fileRef = 83BD7CE2290598480079F96C /* LinkTableViewCell.xib */; };
		83D6161929052D720083CF34 /* SlideInPresentationManager.swift in Sources */ = {isa = PBXBuildFile; fileRef = 83D6161829052D720083CF34 /* SlideInPresentationManager.swift */; };
		83D6161B29052F330083CF34 /* SlideInPresentationController.swift in Sources */ = {isa = PBXBuildFile; fileRef = 83D6161A29052F330083CF34 /* SlideInPresentationController.swift */; };
		83D6161D29052F660083CF34 /* SlideInPresentationAnimator.swift in Sources */ = {isa = PBXBuildFile; fileRef = 83D6161C29052F660083CF34 /* SlideInPresentationAnimator.swift */; };
		83E7325D2904DEC90009D720 /* CardViewController.swift in Sources */ = {isa = PBXBuildFile; fileRef = 83E7325C2904DEC90009D720 /* CardViewController.swift */; };
		83E7325F2905166D0009D720 /* AnswerViewController.swift in Sources */ = {isa = PBXBuildFile; fileRef = 83E7325E2905166D0009D720 /* AnswerViewController.swift */; };
/* End PBXBuildFile section */

/* Begin PBXContainerItemProxy section */
		18CAFEF628DD7AE40088A040 /* PBXContainerItemProxy */ = {
			isa = PBXContainerItemProxy;
			containerPortal = 18CAFED928DD7AE20088A040 /* Project object */;
			proxyType = 1;
			remoteGlobalIDString = 18CAFEE028DD7AE20088A040;
			remoteInfo = QA;
		};
		18CAFF0128DD7AE40088A040 /* PBXContainerItemProxy */ = {
			isa = PBXContainerItemProxy;
			containerPortal = 18CAFED928DD7AE20088A040 /* Project object */;
			proxyType = 1;
			remoteGlobalIDString = 18CAFEE028DD7AE20088A040;
			remoteInfo = QA;
		};
/* End PBXContainerItemProxy section */

/* Begin PBXFileReference section */
		188914BF29003E0200177E35 /* data.json */ = {isa = PBXFileReference; lastKnownFileType = text.json; path = data.json; sourceTree = "<group>"; };
		18CAFEE128DD7AE20088A040 /* QA.app */ = {isa = PBXFileReference; explicitFileType = wrapper.application; includeInIndex = 0; path = QA.app; sourceTree = BUILT_PRODUCTS_DIR; };
		18CAFEE428DD7AE20088A040 /* AppDelegate.swift */ = {isa = PBXFileReference; lastKnownFileType = sourcecode.swift; path = AppDelegate.swift; sourceTree = "<group>"; };
		18CAFEE628DD7AE20088A040 /* ViewController.swift */ = {isa = PBXFileReference; lastKnownFileType = sourcecode.swift; path = ViewController.swift; sourceTree = "<group>"; };
		18CAFEEB28DD7AE40088A040 /* Assets.xcassets */ = {isa = PBXFileReference; lastKnownFileType = folder.assetcatalog; path = Assets.xcassets; sourceTree = "<group>"; };
		18CAFEEE28DD7AE40088A040 /* Base */ = {isa = PBXFileReference; lastKnownFileType = file.storyboard; name = Base; path = Base.lproj/LaunchScreen.storyboard; sourceTree = "<group>"; };
		18CAFEF028DD7AE40088A040 /* Info.plist */ = {isa = PBXFileReference; lastKnownFileType = text.plist.xml; path = Info.plist; sourceTree = "<group>"; };
		18CAFEF528DD7AE40088A040 /* QATests.xctest */ = {isa = PBXFileReference; explicitFileType = wrapper.cfbundle; includeInIndex = 0; path = QATests.xctest; sourceTree = BUILT_PRODUCTS_DIR; };
		18CAFEF928DD7AE40088A040 /* QATests.swift */ = {isa = PBXFileReference; lastKnownFileType = sourcecode.swift; path = QATests.swift; sourceTree = "<group>"; };
		18CAFEFB28DD7AE40088A040 /* Info.plist */ = {isa = PBXFileReference; lastKnownFileType = text.plist.xml; path = Info.plist; sourceTree = "<group>"; };
		18CAFF0028DD7AE40088A040 /* QAUITests.xctest */ = {isa = PBXFileReference; explicitFileType = wrapper.cfbundle; includeInIndex = 0; path = QAUITests.xctest; sourceTree = BUILT_PRODUCTS_DIR; };
		18CAFF0428DD7AE40088A040 /* QAUITests.swift */ = {isa = PBXFileReference; lastKnownFileType = sourcecode.swift; path = QAUITests.swift; sourceTree = "<group>"; };
		18CAFF0628DD7AE40088A040 /* Info.plist */ = {isa = PBXFileReference; lastKnownFileType = text.plist.xml; path = Info.plist; sourceTree = "<group>"; };
		783D5F4A20D722B28CCA08AE /* Pods-QATests.release.xcconfig */ = {isa = PBXFileReference; includeInIndex = 1; lastKnownFileType = text.xcconfig; name = "Pods-QATests.release.xcconfig"; path = "Target Support Files/Pods-QATests/Pods-QATests.release.xcconfig"; sourceTree = "<group>"; };
		7CCC572E8F7FE06F4F907947 /* Pods_QA.framework */ = {isa = PBXFileReference; explicitFileType = wrapper.framework; includeInIndex = 0; path = Pods_QA.framework; sourceTree = BUILT_PRODUCTS_DIR; };
		831D80A52903CD1E009D08C2 /* QuestionsResult.swift */ = {isa = PBXFileReference; lastKnownFileType = sourcecode.swift; path = QuestionsResult.swift; sourceTree = "<group>"; };
		831D80A72903CD62009D08C2 /* QuestionItem.swift */ = {isa = PBXFileReference; lastKnownFileType = sourcecode.swift; path = QuestionItem.swift; sourceTree = "<group>"; };
		831D80AA2903DA10009D08C2 /* QABrain.swift */ = {isa = PBXFileReference; lastKnownFileType = sourcecode.swift; path = QABrain.swift; sourceTree = "<group>"; };
		834834AA29057BF700DFC264 /* Constants.swift */ = {isa = PBXFileReference; lastKnownFileType = sourcecode.swift; path = Constants.swift; sourceTree = "<group>"; };
		836EB5502905560E004DCAD7 /* Color+Extension.swift */ = {isa = PBXFileReference; lastKnownFileType = sourcecode.swift; path = "Color+Extension.swift"; sourceTree = "<group>"; };
		83BD7CE0290598480079F96C /* Base */ = {isa = PBXFileReference; lastKnownFileType = file.storyboard; name = Base; path = Base.lproj/Main.storyboard; sourceTree = "<group>"; };
		83BD7CE1290598480079F96C /* LinkTableViewCell.swift */ = {isa = PBXFileReference; fileEncoding = 4; lastKnownFileType = sourcecode.swift; path = LinkTableViewCell.swift; sourceTree = "<group>"; };
		83BD7CE2290598480079F96C /* LinkTableViewCell.xib */ = {isa = PBXFileReference; fileEncoding = 4; lastKnownFileType = file.xib; path = LinkTableViewCell.xib; sourceTree = "<group>"; };
		83D6161829052D720083CF34 /* SlideInPresentationManager.swift */ = {isa = PBXFileReference; lastKnownFileType = sourcecode.swift; path = SlideInPresentationManager.swift; sourceTree = "<group>"; };
		83D6161A29052F330083CF34 /* SlideInPresentationController.swift */ = {isa = PBXFileReference; lastKnownFileType = sourcecode.swift; path = SlideInPresentationController.swift; sourceTree = "<group>"; };
		83D6161C29052F660083CF34 /* SlideInPresentationAnimator.swift */ = {isa = PBXFileReference; lastKnownFileType = sourcecode.swift; path = SlideInPresentationAnimator.swift; sourceTree = "<group>"; };
		83E7325C2904DEC90009D720 /* CardViewController.swift */ = {isa = PBXFileReference; lastKnownFileType = sourcecode.swift; path = CardViewController.swift; sourceTree = "<group>"; };
		83E7325E2905166D0009D720 /* AnswerViewController.swift */ = {isa = PBXFileReference; lastKnownFileType = sourcecode.swift; path = AnswerViewController.swift; sourceTree = "<group>"; };
		A4FDBE18AE9F625AF8A5B1AD /* Pods_QATests.framework */ = {isa = PBXFileReference; explicitFileType = wrapper.framework; includeInIndex = 0; path = Pods_QATests.framework; sourceTree = BUILT_PRODUCTS_DIR; };
		B55C7DF36D7EA9517D4E4C48 /* Pods-QA.release.xcconfig */ = {isa = PBXFileReference; includeInIndex = 1; lastKnownFileType = text.xcconfig; name = "Pods-QA.release.xcconfig"; path = "Target Support Files/Pods-QA/Pods-QA.release.xcconfig"; sourceTree = "<group>"; };
		BDFE3FCDF802C555F92DA9E9 /* Pods_QA_QAUITests.framework */ = {isa = PBXFileReference; explicitFileType = wrapper.framework; includeInIndex = 0; path = Pods_QA_QAUITests.framework; sourceTree = BUILT_PRODUCTS_DIR; };
		C2A68B58A20E814822203536 /* Pods-QA.debug.xcconfig */ = {isa = PBXFileReference; includeInIndex = 1; lastKnownFileType = text.xcconfig; name = "Pods-QA.debug.xcconfig"; path = "Target Support Files/Pods-QA/Pods-QA.debug.xcconfig"; sourceTree = "<group>"; };
		C91375BAD598377C0151E194 /* Pods-QA-QAUITests.release.xcconfig */ = {isa = PBXFileReference; includeInIndex = 1; lastKnownFileType = text.xcconfig; name = "Pods-QA-QAUITests.release.xcconfig"; path = "Target Support Files/Pods-QA-QAUITests/Pods-QA-QAUITests.release.xcconfig"; sourceTree = "<group>"; };
		D085669F5192F791FC8445C2 /* Pods-QA-QAUITests.debug.xcconfig */ = {isa = PBXFileReference; includeInIndex = 1; lastKnownFileType = text.xcconfig; name = "Pods-QA-QAUITests.debug.xcconfig"; path = "Target Support Files/Pods-QA-QAUITests/Pods-QA-QAUITests.debug.xcconfig"; sourceTree = "<group>"; };
		DDE11B7BCD706EAC207F0E1B /* Pods-QATests.debug.xcconfig */ = {isa = PBXFileReference; includeInIndex = 1; lastKnownFileType = text.xcconfig; name = "Pods-QATests.debug.xcconfig"; path = "Target Support Files/Pods-QATests/Pods-QATests.debug.xcconfig"; sourceTree = "<group>"; };
/* End PBXFileReference section */

/* Begin PBXFrameworksBuildPhase section */
		18CAFEDE28DD7AE20088A040 /* Frameworks */ = {
			isa = PBXFrameworksBuildPhase;
			buildActionMask = 2147483647;
			files = (
				6DE8F53A0BD20D9694FEE6DE /* Pods_QA.framework in Frameworks */,
			);
			runOnlyForDeploymentPostprocessing = 0;
		};
		18CAFEF228DD7AE40088A040 /* Frameworks */ = {
			isa = PBXFrameworksBuildPhase;
			buildActionMask = 2147483647;
			files = (
				74B82455D088F5DA8B47CBC0 /* Pods_QATests.framework in Frameworks */,
			);
			runOnlyForDeploymentPostprocessing = 0;
		};
		18CAFEFD28DD7AE40088A040 /* Frameworks */ = {
			isa = PBXFrameworksBuildPhase;
			buildActionMask = 2147483647;
			files = (
				0D07F2C7C7BCB09F2709D032 /* Pods_QA_QAUITests.framework in Frameworks */,
			);
			runOnlyForDeploymentPostprocessing = 0;
		};
/* End PBXFrameworksBuildPhase section */

/* Begin PBXGroup section */
		18CAFED828DD7AE20088A040 = {
			isa = PBXGroup;
			children = (
				18CAFEE328DD7AE20088A040 /* QA */,
				18CAFEF828DD7AE40088A040 /* QATests */,
				18CAFF0328DD7AE40088A040 /* QAUITests */,
				18CAFEE228DD7AE20088A040 /* Products */,
				A34F6463CBA3D91368521BA8 /* Pods */,
				97248035D5CE8688547AD435 /* Frameworks */,
			);
			sourceTree = "<group>";
		};
		18CAFEE228DD7AE20088A040 /* Products */ = {
			isa = PBXGroup;
			children = (
				18CAFEE128DD7AE20088A040 /* QA.app */,
				18CAFEF528DD7AE40088A040 /* QATests.xctest */,
				18CAFF0028DD7AE40088A040 /* QAUITests.xctest */,
			);
			name = Products;
			sourceTree = "<group>";
		};
		18CAFEE328DD7AE20088A040 /* QA */ = {
			isa = PBXGroup;
			children = (
				83BD7CDE290598480079F96C /* View */,
				831D80A42903CCC8009D08C2 /* Model */,
				831D80A92903D9C5009D08C2 /* Controller */,
				836EB54F29055541004DCAD7 /* Extensions */,
				83D6161729052D4C0083CF34 /* presentation */,
				18CAFEE428DD7AE20088A040 /* AppDelegate.swift */,
				18CAFEEB28DD7AE40088A040 /* Assets.xcassets */,
				18CAFEED28DD7AE40088A040 /* LaunchScreen.storyboard */,
				18CAFEF028DD7AE40088A040 /* Info.plist */,
				188914BF29003E0200177E35 /* data.json */,
				834834AA29057BF700DFC264 /* Constants.swift */,
			);
			path = QA;
			sourceTree = "<group>";
		};
		18CAFEF828DD7AE40088A040 /* QATests */ = {
			isa = PBXGroup;
			children = (
				18CAFEF928DD7AE40088A040 /* QATests.swift */,
				18CAFEFB28DD7AE40088A040 /* Info.plist */,
			);
			path = QATests;
			sourceTree = "<group>";
		};
		18CAFF0328DD7AE40088A040 /* QAUITests */ = {
			isa = PBXGroup;
			children = (
				18CAFF0428DD7AE40088A040 /* QAUITests.swift */,
				18CAFF0628DD7AE40088A040 /* Info.plist */,
			);
			path = QAUITests;
			sourceTree = "<group>";
		};
		831D80A42903CCC8009D08C2 /* Model */ = {
			isa = PBXGroup;
			children = (
				831D80A52903CD1E009D08C2 /* QuestionsResult.swift */,
				831D80A72903CD62009D08C2 /* QuestionItem.swift */,
				831D80AA2903DA10009D08C2 /* QABrain.swift */,
			);
			path = Model;
			sourceTree = "<group>";
		};
		831D80A92903D9C5009D08C2 /* Controller */ = {
			isa = PBXGroup;
			children = (
				18CAFEE628DD7AE20088A040 /* ViewController.swift */,
				83E7325C2904DEC90009D720 /* CardViewController.swift */,
				83E7325E2905166D0009D720 /* AnswerViewController.swift */,
			);
			path = Controller;
			sourceTree = "<group>";
		};
		836EB54F29055541004DCAD7 /* Extensions */ = {
			isa = PBXGroup;
			children = (
				836EB5502905560E004DCAD7 /* Color+Extension.swift */,
			);
			path = Extensions;
			sourceTree = "<group>";
		};
		83BD7CDE290598480079F96C /* View */ = {
			isa = PBXGroup;
			children = (
				83BD7CDF290598480079F96C /* Main.storyboard */,
				83BD7CE1290598480079F96C /* LinkTableViewCell.swift */,
				83BD7CE2290598480079F96C /* LinkTableViewCell.xib */,
			);
			name = View;
			path = ../../../Documents/View;
			sourceTree = "<group>";
		};
		83D6161729052D4C0083CF34 /* presentation */ = {
			isa = PBXGroup;
			children = (
				83D6161829052D720083CF34 /* SlideInPresentationManager.swift */,
				83D6161A29052F330083CF34 /* SlideInPresentationController.swift */,
				83D6161C29052F660083CF34 /* SlideInPresentationAnimator.swift */,
			);
			path = presentation;
			sourceTree = "<group>";
		};
		97248035D5CE8688547AD435 /* Frameworks */ = {
			isa = PBXGroup;
			children = (
				7CCC572E8F7FE06F4F907947 /* Pods_QA.framework */,
				BDFE3FCDF802C555F92DA9E9 /* Pods_QA_QAUITests.framework */,
				A4FDBE18AE9F625AF8A5B1AD /* Pods_QATests.framework */,
			);
			name = Frameworks;
			sourceTree = "<group>";
		};
		A34F6463CBA3D91368521BA8 /* Pods */ = {
			isa = PBXGroup;
			children = (
				C2A68B58A20E814822203536 /* Pods-QA.debug.xcconfig */,
				B55C7DF36D7EA9517D4E4C48 /* Pods-QA.release.xcconfig */,
				D085669F5192F791FC8445C2 /* Pods-QA-QAUITests.debug.xcconfig */,
				C91375BAD598377C0151E194 /* Pods-QA-QAUITests.release.xcconfig */,
				DDE11B7BCD706EAC207F0E1B /* Pods-QATests.debug.xcconfig */,
				783D5F4A20D722B28CCA08AE /* Pods-QATests.release.xcconfig */,
			);
			path = Pods;
			sourceTree = "<group>";
		};
/* End PBXGroup section */

/* Begin PBXNativeTarget section */
		18CAFEE028DD7AE20088A040 /* QA */ = {
			isa = PBXNativeTarget;
			buildConfigurationList = 18CAFF0928DD7AE40088A040 /* Build configuration list for PBXNativeTarget "QA" */;
			buildPhases = (
				E0232ECF2223F285D1F258A5 /* [CP] Check Pods Manifest.lock */,
				18CAFEDD28DD7AE20088A040 /* Sources */,
				18CAFEDE28DD7AE20088A040 /* Frameworks */,
				18CAFEDF28DD7AE20088A040 /* Resources */,
				C67963EC18CD17DBF27DBCDC /* [CP] Embed Pods Frameworks */,
			);
			buildRules = (
			);
			dependencies = (
			);
			name = QA;
			productName = QA;
			productReference = 18CAFEE128DD7AE20088A040 /* QA.app */;
			productType = "com.apple.product-type.application";
		};
		18CAFEF428DD7AE40088A040 /* QATests */ = {
			isa = PBXNativeTarget;
			buildConfigurationList = 18CAFF0C28DD7AE40088A040 /* Build configuration list for PBXNativeTarget "QATests" */;
			buildPhases = (
				9D2FF7F258A6C7F2255E46BF /* [CP] Check Pods Manifest.lock */,
				18CAFEF128DD7AE40088A040 /* Sources */,
				18CAFEF228DD7AE40088A040 /* Frameworks */,
				18CAFEF328DD7AE40088A040 /* Resources */,
			);
			buildRules = (
			);
			dependencies = (
				18CAFEF728DD7AE40088A040 /* PBXTargetDependency */,
			);
			name = QATests;
			productName = QATests;
			productReference = 18CAFEF528DD7AE40088A040 /* QATests.xctest */;
			productType = "com.apple.product-type.bundle.unit-test";
		};
		18CAFEFF28DD7AE40088A040 /* QAUITests */ = {
			isa = PBXNativeTarget;
			buildConfigurationList = 18CAFF0F28DD7AE40088A040 /* Build configuration list for PBXNativeTarget "QAUITests" */;
			buildPhases = (
				5CA337BCFBB7E2D15B7040E2 /* [CP] Check Pods Manifest.lock */,
				18CAFEFC28DD7AE40088A040 /* Sources */,
				18CAFEFD28DD7AE40088A040 /* Frameworks */,
				18CAFEFE28DD7AE40088A040 /* Resources */,
				E772EB29B9E6E9EDB110BFFD /* [CP] Embed Pods Frameworks */,
			);
			buildRules = (
			);
			dependencies = (
				18CAFF0228DD7AE40088A040 /* PBXTargetDependency */,
			);
			name = QAUITests;
			productName = QAUITests;
			productReference = 18CAFF0028DD7AE40088A040 /* QAUITests.xctest */;
			productType = "com.apple.product-type.bundle.ui-testing";
		};
/* End PBXNativeTarget section */

/* Begin PBXProject section */
		18CAFED928DD7AE20088A040 /* Project object */ = {
			isa = PBXProject;
			attributes = {
				KnownAssetTags = (
					button,
					label,
					stack,
				);
				LastSwiftUpdateCheck = 0940;
				LastUpgradeCheck = 0940;
				ORGANIZATIONNAME = apple;
				TargetAttributes = {
					18CAFEE028DD7AE20088A040 = {
						CreatedOnToolsVersion = 9.4.1;
					};
					18CAFEF428DD7AE40088A040 = {
						CreatedOnToolsVersion = 9.4.1;
						TestTargetID = 18CAFEE028DD7AE20088A040;
					};
					18CAFEFF28DD7AE40088A040 = {
						CreatedOnToolsVersion = 9.4.1;
						TestTargetID = 18CAFEE028DD7AE20088A040;
					};
				};
			};
			buildConfigurationList = 18CAFEDC28DD7AE20088A040 /* Build configuration list for PBXProject "QA" */;
			compatibilityVersion = "Xcode 9.3";
			developmentRegion = en;
			hasScannedForEncodings = 0;
			knownRegions = (
				en,
				Base,
			);
			mainGroup = 18CAFED828DD7AE20088A040;
			productRefGroup = 18CAFEE228DD7AE20088A040 /* Products */;
			projectDirPath = "";
			projectRoot = "";
			targets = (
				18CAFEE028DD7AE20088A040 /* QA */,
				18CAFEF428DD7AE40088A040 /* QATests */,
				18CAFEFF28DD7AE40088A040 /* QAUITests */,
			);
		};
/* End PBXProject section */

/* Begin PBXResourcesBuildPhase section */
		18CAFEDF28DD7AE20088A040 /* Resources */ = {
			isa = PBXResourcesBuildPhase;
			buildActionMask = 2147483647;
			files = (
				83BD7CE5290598480079F96C /* LinkTableViewCell.xib in Resources */,
				18CAFEEF28DD7AE40088A040 /* LaunchScreen.storyboard in Resources */,
				18CAFEEC28DD7AE40088A040 /* Assets.xcassets in Resources */,
				188914C029003E0200177E35 /* data.json in Resources */,
				83BD7CE3290598480079F96C /* Main.storyboard in Resources */,
			);
			runOnlyForDeploymentPostprocessing = 0;
		};
		18CAFEF328DD7AE40088A040 /* Resources */ = {
			isa = PBXResourcesBuildPhase;
			buildActionMask = 2147483647;
			files = (
			);
			runOnlyForDeploymentPostprocessing = 0;
		};
		18CAFEFE28DD7AE40088A040 /* Resources */ = {
			isa = PBXResourcesBuildPhase;
			buildActionMask = 2147483647;
			files = (
			);
			runOnlyForDeploymentPostprocessing = 0;
		};
/* End PBXResourcesBuildPhase section */

/* Begin PBXShellScriptBuildPhase section */
		5CA337BCFBB7E2D15B7040E2 /* [CP] Check Pods Manifest.lock */ = {
			isa = PBXShellScriptBuildPhase;
			buildActionMask = 2147483647;
			files = (
			);
			inputFileListPaths = (
			);
			inputPaths = (
				"${PODS_PODFILE_DIR_PATH}/Podfile.lock",
				"${PODS_ROOT}/Manifest.lock",
			);
			name = "[CP] Check Pods Manifest.lock";
			outputFileListPaths = (
			);
			outputPaths = (
				"$(DERIVED_FILE_DIR)/Pods-QA-QAUITests-checkManifestLockResult.txt",
			);
			runOnlyForDeploymentPostprocessing = 0;
			shellPath = /bin/sh;
			shellScript = "diff \"${PODS_PODFILE_DIR_PATH}/Podfile.lock\" \"${PODS_ROOT}/Manifest.lock\" > /dev/null\nif [ $? != 0 ] ; then\n    # print error to STDERR\n    echo \"error: The sandbox is not in sync with the Podfile.lock. Run 'pod install' or update your CocoaPods installation.\" >&2\n    exit 1\nfi\n# This output is used by Xcode 'outputs' to avoid re-running this script phase.\necho \"SUCCESS\" > \"${SCRIPT_OUTPUT_FILE_0}\"\n";
			showEnvVarsInLog = 0;
		};
		9D2FF7F258A6C7F2255E46BF /* [CP] Check Pods Manifest.lock */ = {
			isa = PBXShellScriptBuildPhase;
			buildActionMask = 2147483647;
			files = (
			);
			inputFileListPaths = (
			);
			inputPaths = (
				"${PODS_PODFILE_DIR_PATH}/Podfile.lock",
				"${PODS_ROOT}/Manifest.lock",
			);
			name = "[CP] Check Pods Manifest.lock";
			outputFileListPaths = (
			);
			outputPaths = (
				"$(DERIVED_FILE_DIR)/Pods-QATests-checkManifestLockResult.txt",
			);
			runOnlyForDeploymentPostprocessing = 0;
			shellPath = /bin/sh;
			shellScript = "diff \"${PODS_PODFILE_DIR_PATH}/Podfile.lock\" \"${PODS_ROOT}/Manifest.lock\" > /dev/null\nif [ $? != 0 ] ; then\n    # print error to STDERR\n    echo \"error: The sandbox is not in sync with the Podfile.lock. Run 'pod install' or update your CocoaPods installation.\" >&2\n    exit 1\nfi\n# This output is used by Xcode 'outputs' to avoid re-running this script phase.\necho \"SUCCESS\" > \"${SCRIPT_OUTPUT_FILE_0}\"\n";
			showEnvVarsInLog = 0;
		};
		C67963EC18CD17DBF27DBCDC /* [CP] Embed Pods Frameworks */ = {
			isa = PBXShellScriptBuildPhase;
			buildActionMask = 2147483647;
			files = (
			);
			inputFileListPaths = (
				"${PODS_ROOT}/Target Support Files/Pods-QA/Pods-QA-frameworks-${CONFIGURATION}-input-files.xcfilelist",
			);
			name = "[CP] Embed Pods Frameworks";
			outputFileListPaths = (
				"${PODS_ROOT}/Target Support Files/Pods-QA/Pods-QA-frameworks-${CONFIGURATION}-output-files.xcfilelist",
			);
			runOnlyForDeploymentPostprocessing = 0;
			shellPath = /bin/sh;
			shellScript = "\"${PODS_ROOT}/Target Support Files/Pods-QA/Pods-QA-frameworks.sh\"\n";
			showEnvVarsInLog = 0;
		};
		E0232ECF2223F285D1F258A5 /* [CP] Check Pods Manifest.lock */ = {
			isa = PBXShellScriptBuildPhase;
			buildActionMask = 2147483647;
			files = (
			);
			inputFileListPaths = (
			);
			inputPaths = (
				"${PODS_PODFILE_DIR_PATH}/Podfile.lock",
				"${PODS_ROOT}/Manifest.lock",
			);
			name = "[CP] Check Pods Manifest.lock";
			outputFileListPaths = (
			);
			outputPaths = (
				"$(DERIVED_FILE_DIR)/Pods-QA-checkManifestLockResult.txt",
			);
			runOnlyForDeploymentPostprocessing = 0;
			shellPath = /bin/sh;
			shellScript = "diff \"${PODS_PODFILE_DIR_PATH}/Podfile.lock\" \"${PODS_ROOT}/Manifest.lock\" > /dev/null\nif [ $? != 0 ] ; then\n    # print error to STDERR\n    echo \"error: The sandbox is not in sync with the Podfile.lock. Run 'pod install' or update your CocoaPods installation.\" >&2\n    exit 1\nfi\n# This output is used by Xcode 'outputs' to avoid re-running this script phase.\necho \"SUCCESS\" > \"${SCRIPT_OUTPUT_FILE_0}\"\n";
			showEnvVarsInLog = 0;
		};
		E772EB29B9E6E9EDB110BFFD /* [CP] Embed Pods Frameworks */ = {
			isa = PBXShellScriptBuildPhase;
			buildActionMask = 2147483647;
			files = (
			);
			inputFileListPaths = (
				"${PODS_ROOT}/Target Support Files/Pods-QA-QAUITests/Pods-QA-QAUITests-frameworks-${CONFIGURATION}-input-files.xcfilelist",
			);
			name = "[CP] Embed Pods Frameworks";
			outputFileListPaths = (
				"${PODS_ROOT}/Target Support Files/Pods-QA-QAUITests/Pods-QA-QAUITests-frameworks-${CONFIGURATION}-output-files.xcfilelist",
			);
			runOnlyForDeploymentPostprocessing = 0;
			shellPath = /bin/sh;
			shellScript = "\"${PODS_ROOT}/Target Support Files/Pods-QA-QAUITests/Pods-QA-QAUITests-frameworks.sh\"\n";
			showEnvVarsInLog = 0;
		};
/* End PBXShellScriptBuildPhase section */

/* Begin PBXSourcesBuildPhase section */
		18CAFEDD28DD7AE20088A040 /* Sources */ = {
			isa = PBXSourcesBuildPhase;
			buildActionMask = 2147483647;
			files = (
				831D80A82903CD62009D08C2 /* QuestionItem.swift in Sources */,
				83D6161D29052F660083CF34 /* SlideInPresentationAnimator.swift in Sources */,
				83E7325F2905166D0009D720 /* AnswerViewController.swift in Sources */,
				831D80A62903CD1E009D08C2 /* QuestionsResult.swift in Sources */,
				83E7325D2904DEC90009D720 /* CardViewController.swift in Sources */,
				83D6161929052D720083CF34 /* SlideInPresentationManager.swift in Sources */,
				18CAFEE728DD7AE20088A040 /* ViewController.swift in Sources */,
				834834AB29057BF700DFC264 /* Constants.swift in Sources */,
				831D80AB2903DA10009D08C2 /* QABrain.swift in Sources */,
				83BD7CE4290598480079F96C /* LinkTableViewCell.swift in Sources */,
				83D6161B29052F330083CF34 /* SlideInPresentationController.swift in Sources */,
				836EB5512905560E004DCAD7 /* Color+Extension.swift in Sources */,
				18CAFEE528DD7AE20088A040 /* AppDelegate.swift in Sources */,
			);
			runOnlyForDeploymentPostprocessing = 0;
		};
		18CAFEF128DD7AE40088A040 /* Sources */ = {
			isa = PBXSourcesBuildPhase;
			buildActionMask = 2147483647;
			files = (
				18CAFEFA28DD7AE40088A040 /* QATests.swift in Sources */,
			);
			runOnlyForDeploymentPostprocessing = 0;
		};
		18CAFEFC28DD7AE40088A040 /* Sources */ = {
			isa = PBXSourcesBuildPhase;
			buildActionMask = 2147483647;
			files = (
				18CAFF0528DD7AE40088A040 /* QAUITests.swift in Sources */,
			);
			runOnlyForDeploymentPostprocessing = 0;
		};
/* End PBXSourcesBuildPhase section */

/* Begin PBXTargetDependency section */
		18CAFEF728DD7AE40088A040 /* PBXTargetDependency */ = {
			isa = PBXTargetDependency;
			target = 18CAFEE028DD7AE20088A040 /* QA */;
			targetProxy = 18CAFEF628DD7AE40088A040 /* PBXContainerItemProxy */;
		};
		18CAFF0228DD7AE40088A040 /* PBXTargetDependency */ = {
			isa = PBXTargetDependency;
			target = 18CAFEE028DD7AE20088A040 /* QA */;
			targetProxy = 18CAFF0128DD7AE40088A040 /* PBXContainerItemProxy */;
		};
/* End PBXTargetDependency section */

/* Begin PBXVariantGroup section */
		18CAFEED28DD7AE40088A040 /* LaunchScreen.storyboard */ = {
			isa = PBXVariantGroup;
			children = (
				18CAFEEE28DD7AE40088A040 /* Base */,
			);
			name = LaunchScreen.storyboard;
			sourceTree = "<group>";
		};
		83BD7CDF290598480079F96C /* Main.storyboard */ = {
			isa = PBXVariantGroup;
			children = (
				83BD7CE0290598480079F96C /* Base */,
			);
			name = Main.storyboard;
			sourceTree = "<group>";
		};
/* End PBXVariantGroup section */

/* Begin XCBuildConfiguration section */
		18CAFF0728DD7AE40088A040 /* Debug */ = {
			isa = XCBuildConfiguration;
			buildSettings = {
				ALWAYS_SEARCH_USER_PATHS = NO;
				CLANG_ANALYZER_NONNULL = YES;
				CLANG_ANALYZER_NUMBER_OBJECT_CONVERSION = YES_AGGRESSIVE;
				CLANG_CXX_LANGUAGE_STANDARD = "gnu++14";
				CLANG_CXX_LIBRARY = "libc++";
				CLANG_ENABLE_MODULES = YES;
				CLANG_ENABLE_OBJC_ARC = YES;
				CLANG_ENABLE_OBJC_WEAK = YES;
				CLANG_WARN_BLOCK_CAPTURE_AUTORELEASING = YES;
				CLANG_WARN_BOOL_CONVERSION = YES;
				CLANG_WARN_COMMA = YES;
				CLANG_WARN_CONSTANT_CONVERSION = YES;
				CLANG_WARN_DEPRECATED_OBJC_IMPLEMENTATIONS = YES;
				CLANG_WARN_DIRECT_OBJC_ISA_USAGE = YES_ERROR;
				CLANG_WARN_DOCUMENTATION_COMMENTS = YES;
				CLANG_WARN_EMPTY_BODY = YES;
				CLANG_WARN_ENUM_CONVERSION = YES;
				CLANG_WARN_INFINITE_RECURSION = YES;
				CLANG_WARN_INT_CONVERSION = YES;
				CLANG_WARN_NON_LITERAL_NULL_CONVERSION = YES;
				CLANG_WARN_OBJC_IMPLICIT_RETAIN_SELF = YES;
				CLANG_WARN_OBJC_LITERAL_CONVERSION = YES;
				CLANG_WARN_OBJC_ROOT_CLASS = YES_ERROR;
				CLANG_WARN_RANGE_LOOP_ANALYSIS = YES;
				CLANG_WARN_STRICT_PROTOTYPES = YES;
				CLANG_WARN_SUSPICIOUS_MOVE = YES;
				CLANG_WARN_UNGUARDED_AVAILABILITY = YES_AGGRESSIVE;
				CLANG_WARN_UNREACHABLE_CODE = YES;
				CLANG_WARN__DUPLICATE_METHOD_MATCH = YES;
				CODE_SIGN_IDENTITY = "iPhone Developer";
				COPY_PHASE_STRIP = NO;
				DEBUG_INFORMATION_FORMAT = dwarf;
				ENABLE_STRICT_OBJC_MSGSEND = YES;
				ENABLE_TESTABILITY = YES;
				GCC_C_LANGUAGE_STANDARD = gnu11;
				GCC_DYNAMIC_NO_PIC = NO;
				GCC_NO_COMMON_BLOCKS = YES;
				GCC_OPTIMIZATION_LEVEL = 0;
				GCC_PREPROCESSOR_DEFINITIONS = (
					"DEBUG=1",
					"$(inherited)",
				);
				GCC_WARN_64_TO_32_BIT_CONVERSION = YES;
				GCC_WARN_ABOUT_RETURN_TYPE = YES_ERROR;
				GCC_WARN_UNDECLARED_SELECTOR = YES;
				GCC_WARN_UNINITIALIZED_AUTOS = YES_AGGRESSIVE;
				GCC_WARN_UNUSED_FUNCTION = YES;
				GCC_WARN_UNUSED_VARIABLE = YES;
				IPHONEOS_DEPLOYMENT_TARGET = 11.4;
				MTL_ENABLE_DEBUG_INFO = YES;
				ONLY_ACTIVE_ARCH = YES;
				SDKROOT = iphoneos;
				SWIFT_ACTIVE_COMPILATION_CONDITIONS = DEBUG;
				SWIFT_OPTIMIZATION_LEVEL = "-Onone";
			};
			name = Debug;
		};
		18CAFF0828DD7AE40088A040 /* Release */ = {
			isa = XCBuildConfiguration;
			buildSettings = {
				ALWAYS_SEARCH_USER_PATHS = NO;
				CLANG_ANALYZER_NONNULL = YES;
				CLANG_ANALYZER_NUMBER_OBJECT_CONVERSION = YES_AGGRESSIVE;
				CLANG_CXX_LANGUAGE_STANDARD = "gnu++14";
				CLANG_CXX_LIBRARY = "libc++";
				CLANG_ENABLE_MODULES = YES;
				CLANG_ENABLE_OBJC_ARC = YES;
				CLANG_ENABLE_OBJC_WEAK = YES;
				CLANG_WARN_BLOCK_CAPTURE_AUTORELEASING = YES;
				CLANG_WARN_BOOL_CONVERSION = YES;
				CLANG_WARN_COMMA = YES;
				CLANG_WARN_CONSTANT_CONVERSION = YES;
				CLANG_WARN_DEPRECATED_OBJC_IMPLEMENTATIONS = YES;
				CLANG_WARN_DIRECT_OBJC_ISA_USAGE = YES_ERROR;
				CLANG_WARN_DOCUMENTATION_COMMENTS = YES;
				CLANG_WARN_EMPTY_BODY = YES;
				CLANG_WARN_ENUM_CONVERSION = YES;
				CLANG_WARN_INFINITE_RECURSION = YES;
				CLANG_WARN_INT_CONVERSION = YES;
				CLANG_WARN_NON_LITERAL_NULL_CONVERSION = YES;
				CLANG_WARN_OBJC_IMPLICIT_RETAIN_SELF = YES;
				CLANG_WARN_OBJC_LITERAL_CONVERSION = YES;
				CLANG_WARN_OBJC_ROOT_CLASS = YES_ERROR;
				CLANG_WARN_RANGE_LOOP_ANALYSIS = YES;
				CLANG_WARN_STRICT_PROTOTYPES = YES;
				CLANG_WARN_SUSPICIOUS_MOVE = YES;
				CLANG_WARN_UNGUARDED_AVAILABILITY = YES_AGGRESSIVE;
				CLANG_WARN_UNREACHABLE_CODE = YES;
				CLANG_WARN__DUPLICATE_METHOD_MATCH = YES;
				CODE_SIGN_IDENTITY = "iPhone Developer";
				COPY_PHASE_STRIP = NO;
				DEBUG_INFORMATION_FORMAT = "dwarf-with-dsym";
				ENABLE_NS_ASSERTIONS = NO;
				ENABLE_STRICT_OBJC_MSGSEND = YES;
				GCC_C_LANGUAGE_STANDARD = gnu11;
				GCC_NO_COMMON_BLOCKS = YES;
				GCC_WARN_64_TO_32_BIT_CONVERSION = YES;
				GCC_WARN_ABOUT_RETURN_TYPE = YES_ERROR;
				GCC_WARN_UNDECLARED_SELECTOR = YES;
				GCC_WARN_UNINITIALIZED_AUTOS = YES_AGGRESSIVE;
				GCC_WARN_UNUSED_FUNCTION = YES;
				GCC_WARN_UNUSED_VARIABLE = YES;
				IPHONEOS_DEPLOYMENT_TARGET = 11.4;
				MTL_ENABLE_DEBUG_INFO = NO;
				SDKROOT = iphoneos;
				SWIFT_COMPILATION_MODE = wholemodule;
				SWIFT_OPTIMIZATION_LEVEL = "-O";
				VALIDATE_PRODUCT = YES;
			};
			name = Release;
		};
		18CAFF0A28DD7AE40088A040 /* Debug */ = {
			isa = XCBuildConfiguration;
			baseConfigurationReference = C2A68B58A20E814822203536 /* Pods-QA.debug.xcconfig */;
			buildSettings = {
				ASSETCATALOG_COMPILER_APPICON_NAME = AppIcon;
				CODE_SIGN_STYLE = Automatic;
				DEVELOPMENT_TEAM = C9J9FN2H22;
				INFOPLIST_FILE = QA/Info.plist;
				INFOPLIST_KEY_UIUserInterfaceStyle = Light;
				"INFOPLIST_KEY_UIUserInterfaceStyle[sdk=*]" = Light;
				LD_RUNPATH_SEARCH_PATHS = (
					"$(inherited)",
					"@executable_path/Frameworks",
				);
				PRODUCT_BUNDLE_IDENTIFIER = dev.intellix.QA;
				PRODUCT_NAME = "$(TARGET_NAME)";
				SWIFT_VERSION = 4.0;
				TARGETED_DEVICE_FAMILY = "1,2";
			};
			name = Debug;
		};
		18CAFF0B28DD7AE40088A040 /* Release */ = {
			isa = XCBuildConfiguration;
			baseConfigurationReference = B55C7DF36D7EA9517D4E4C48 /* Pods-QA.release.xcconfig */;
			buildSettings = {
				ASSETCATALOG_COMPILER_APPICON_NAME = AppIcon;
				CODE_SIGN_STYLE = Automatic;
				DEVELOPMENT_TEAM = C9J9FN2H22;
				INFOPLIST_FILE = QA/Info.plist;
				INFOPLIST_KEY_UIUserInterfaceStyle = Light;
				LD_RUNPATH_SEARCH_PATHS = (
					"$(inherited)",
					"@executable_path/Frameworks",
				);
				PRODUCT_BUNDLE_IDENTIFIER = dev.intellix.QA;
				PRODUCT_NAME = "$(TARGET_NAME)";
				SWIFT_VERSION = 4.0;
				TARGETED_DEVICE_FAMILY = "1,2";
			};
			name = Release;
		};
		18CAFF0D28DD7AE40088A040 /* Debug */ = {
			isa = XCBuildConfiguration;
			baseConfigurationReference = DDE11B7BCD706EAC207F0E1B /* Pods-QATests.debug.xcconfig */;
			buildSettings = {
				ALWAYS_EMBED_SWIFT_STANDARD_LIBRARIES = YES;
				BUNDLE_LOADER = "$(TEST_HOST)";
				CODE_SIGN_STYLE = Automatic;
				INFOPLIST_FILE = QATests/Info.plist;
				LD_RUNPATH_SEARCH_PATHS = (
					"$(inherited)",
					"@executable_path/Frameworks",
					"@loader_path/Frameworks",
				);
				PRODUCT_BUNDLE_IDENTIFIER = dev.intellix.QATests;
				PRODUCT_NAME = "$(TARGET_NAME)";
				SWIFT_VERSION = 4.0;
				TARGETED_DEVICE_FAMILY = "1,2";
				TEST_HOST = "$(BUILT_PRODUCTS_DIR)/QA.app/QA";
			};
			name = Debug;
		};
		18CAFF0E28DD7AE40088A040 /* Release */ = {
			isa = XCBuildConfiguration;
			baseConfigurationReference = 783D5F4A20D722B28CCA08AE /* Pods-QATests.release.xcconfig */;
			buildSettings = {
				ALWAYS_EMBED_SWIFT_STANDARD_LIBRARIES = YES;
				BUNDLE_LOADER = "$(TEST_HOST)";
				CODE_SIGN_STYLE = Automatic;
				INFOPLIST_FILE = QATests/Info.plist;
				LD_RUNPATH_SEARCH_PATHS = (
					"$(inherited)",
					"@executable_path/Frameworks",
					"@loader_path/Frameworks",
				);
				PRODUCT_BUNDLE_IDENTIFIER = dev.intellix.QATests;
				PRODUCT_NAME = "$(TARGET_NAME)";
				SWIFT_VERSION = 4.0;
				TARGETED_DEVICE_FAMILY = "1,2";
				TEST_HOST = "$(BUILT_PRODUCTS_DIR)/QA.app/QA";
			};
			name = Release;
		};
		18CAFF1028DD7AE40088A040 /* Debug */ = {
			isa = XCBuildConfiguration;
			baseConfigurationReference = D085669F5192F791FC8445C2 /* Pods-QA-QAUITests.debug.xcconfig */;
			buildSettings = {
				ALWAYS_EMBED_SWIFT_STANDARD_LIBRARIES = YES;
				CODE_SIGN_STYLE = Automatic;
				INFOPLIST_FILE = QAUITests/Info.plist;
				LD_RUNPATH_SEARCH_PATHS = (
					"$(inherited)",
					"@executable_path/Frameworks",
					"@loader_path/Frameworks",
				);
				PRODUCT_BUNDLE_IDENTIFIER = dev.intellix.QAUITests;
				PRODUCT_NAME = "$(TARGET_NAME)";
				SWIFT_VERSION = 4.0;
				TARGETED_DEVICE_FAMILY = "1,2";
				TEST_TARGET_NAME = QA;
			};
			name = Debug;
		};
		18CAFF1128DD7AE40088A040 /* Release */ = {
			isa = XCBuildConfiguration;
			baseConfigurationReference = C91375BAD598377C0151E194 /* Pods-QA-QAUITests.release.xcconfig */;
			buildSettings = {
				ALWAYS_EMBED_SWIFT_STANDARD_LIBRARIES = YES;
				CODE_SIGN_STYLE = Automatic;
				INFOPLIST_FILE = QAUITests/Info.plist;
				LD_RUNPATH_SEARCH_PATHS = (
					"$(inherited)",
					"@executable_path/Frameworks",
					"@loader_path/Frameworks",
				);
				PRODUCT_BUNDLE_IDENTIFIER = dev.intellix.QAUITests;
				PRODUCT_NAME = "$(TARGET_NAME)";
				SWIFT_VERSION = 4.0;
				TARGETED_DEVICE_FAMILY = "1,2";
				TEST_TARGET_NAME = QA;
			};
			name = Release;
		};
/* End XCBuildConfiguration section */

/* Begin XCConfigurationList section */
		18CAFEDC28DD7AE20088A040 /* Build configuration list for PBXProject "QA" */ = {
			isa = XCConfigurationList;
			buildConfigurations = (
				18CAFF0728DD7AE40088A040 /* Debug */,
				18CAFF0828DD7AE40088A040 /* Release */,
			);
			defaultConfigurationIsVisible = 0;
			defaultConfigurationName = Release;
		};
		18CAFF0928DD7AE40088A040 /* Build configuration list for PBXNativeTarget "QA" */ = {
			isa = XCConfigurationList;
			buildConfigurations = (
				18CAFF0A28DD7AE40088A040 /* Debug */,
				18CAFF0B28DD7AE40088A040 /* Release */,
			);
			defaultConfigurationIsVisible = 0;
			defaultConfigurationName = Release;
		};
		18CAFF0C28DD7AE40088A040 /* Build configuration list for PBXNativeTarget "QATests" */ = {
			isa = XCConfigurationList;
			buildConfigurations = (
				18CAFF0D28DD7AE40088A040 /* Debug */,
				18CAFF0E28DD7AE40088A040 /* Release */,
			);
			defaultConfigurationIsVisible = 0;
			defaultConfigurationName = Release;
		};
		18CAFF0F28DD7AE40088A040 /* Build configuration list for PBXNativeTarget "QAUITests" */ = {
			isa = XCConfigurationList;
			buildConfigurations = (
				18CAFF1028DD7AE40088A040 /* Debug */,
				18CAFF1128DD7AE40088A040 /* Release */,
			);
			defaultConfigurationIsVisible = 0;
			defaultConfigurationName = Release;
		};
/* End XCConfigurationList section */
	};
	rootObject = 18CAFED928DD7AE20088A040 /* Project object */;
}
